# Written by deploy/scripts/pin_base_digests.sh -- do not edit by hand.
# <image:tag> <digest>, as the registry served it on 2026-10-06.
bioconductor/bioconductor_docker:RELEASE_3_20 sha256:5053f59de1c1a79b5a05d820ba722bae62ded0c1042e547189aa0226f111ea7e
postgres:16 sha256:65b16a8b326e0cfbdf33fa7e783f2a0cb352a61448616ccccfd616ef42aa0f65
